
Microsoft Visual Studio Solution File, Format Version 12.00
# Visual Studio Version 17
VisualStudioVersion = 17.9.34728.123
MinimumVisualStudioVersion = 10.0.40219.1
Project("{FAE04EC0-301F-11D3-BF4B-00C04F79EFBC}") = "KCNLanzouDirectLink", "KCNLanzouDirectLink.csproj", "{B6774CDE-57D3-4B33-984D-23BF0B6BE6BE}"
EndProject
Global
	GlobalSection(SolutionConfigurationPlatforms) = preSolution
		Debug|Any CPU = Debug|Any CPU
		Release|Any CPU = Release|Any CPU
	EndGlobalSection
	GlobalSection(ProjectConfigurationPlatforms) = postSolution
		{B6774CDE-57D3-4B33-984D-23BF0B6BE6BE}.Debug|Any CPU.ActiveCfg = Debug|Any CPU
		{B6774CDE-57D3-4B33-984D-23BF0B6BE6BE}.Debug|Any CPU.Build.0 = Debug|Any CPU
		{B6774CDE-57D3-4B33-984D-23BF0B6BE6BE}.Release|Any CPU.ActiveCfg = Release|Any CPU
		{B6774CDE-57D3-4B33-984D-23BF0B6BE6BE}.Release|Any CPU.Build.0 = Release|Any CPU
	EndGlobalSection
	GlobalSection(SolutionProperties) = preSolution
		HideSolutionNode = FALSE
	EndGlobalSection
	GlobalSection(ExtensibilityGlobals) = postSolution
		SolutionGuid = {26E69CBA-8EC2-4A57-80C2-62D3E652E325}
	EndGlobalSection
EndGlobal
